packages:
- local: ../
- git: https://github.com/fivetran/dbt_netsuite_source.git
  revision: 9315721dd5a38c1c40b778eb81615869f61e7131
- package: fivetran/fivetran_utils
  version: 0.4.10
- package: dbt-labs/spark_utils
  version: 0.3.0
- package: dbt-labs/dbt_utils
  version: 1.1.1
sha1_hash: de2deba3d66ce03d8c02949013650cc9b94f6030
